
Microsoft Visual Studio Solution File, Format Version 12.00
# Visual Studio Version 17
VisualStudioVersion = 17.0.31903.59
MinimumVisualStudioVersion = 10.0.40219.1
Project("{2150E333-8FDC-42A3-9474-1A3956D46DE8}") = "src", "src", "{827E0CD3-B72D-47B6-A68D-7590B98EB39B}"
EndProject
Project("{FAE04EC0-301F-11D3-BF4B-00C04F79EFBC}") = "Continuum.Core", "src\Continuum.Core\Continuum.Core.csproj", "{436ECB32-00AA-445F-AB98-CCDD91624EFC}"
EndProject
Project("{FAE04EC0-301F-11D3-BF4B-00C04F79EFBC}") = "Continuum.App", "src\Continuum.App\Continuum.App.csproj", "{6657AFDF-C50A-4AB5-A1B1-BA57B741C0DF}"
EndProject
Project("{2150E333-8FDC-42A3-9474-1A3956D46DE8}") = "tests", "tests", "{0AB3BF05-4346-4AA6-1389-037BE0695223}"
EndProject
Project("{FAE04EC0-301F-11D3-BF4B-00C04F79EFBC}") = "Continuum.Tests", "tests\Continuum.Tests\Continuum.Tests.csproj", "{E40040BE-1662-4B1F-8882-F2EE3D1F663B}"
EndProject
Global
	GlobalSection(SolutionConfigurationPlatforms) = preSolution
		Debug|Any CPU = Debug|Any CPU
		Debug|x64 = Debug|x64
		Debug|x86 = Debug|x86
		Release|Any CPU = Release|Any CPU
		Release|x64 = Release|x64
		Release|x86 = Release|x86
	EndGlobalSection
	GlobalSection(ProjectConfigurationPlatforms) = postSolution
		{436ECB32-00AA-445F-AB98-CCDD91624EFC}.Debug|Any CPU.ActiveCfg = Debug|Any CPU
		{436ECB32-00AA-445F-AB98-CCDD91624EFC}.Debug|Any CPU.Build.0 = Debug|Any CPU
		{436ECB32-00AA-445F-AB98-CCDD91624EFC}.Debug|x64.ActiveCfg = Debug|Any CPU
		{436ECB32-00AA-445F-AB98-CCDD91624EFC}.Debug|x64.Build.0 = Debug|Any CPU
		{436ECB32-00AA-445F-AB98-CCDD91624EFC}.Debug|x86.ActiveCfg = Debug|Any CPU
		{436ECB32-00AA-445F-AB98-CCDD91624EFC}.Debug|x86.Build.0 = Debug|Any CPU
		{436ECB32-00AA-445F-AB98-CCDD91624EFC}.Release|Any CPU.ActiveCfg = Release|Any CPU
		{436ECB32-00AA-445F-AB98-CCDD91624EFC}.Release|Any CPU.Build.0 = Release|Any CPU
		{436ECB32-00AA-445F-AB98-CCDD91624EFC}.Release|x64.ActiveCfg = Release|Any CPU
		{436ECB32-00AA-445F-AB98-CCDD91624EFC}.Release|x64.Build.0 = Release|Any CPU
		{436ECB32-00AA-445F-AB98-CCDD91624EFC}.Release|x86.ActiveCfg = Release|Any CPU
		{436ECB32-00AA-445F-AB98-CCDD91624EFC}.Release|x86.Build.0 = Release|Any CPU
		{6657AFDF-C50A-4AB5-A1B1-BA57B741C0DF}.Debug|Any CPU.ActiveCfg = Debug|Any CPU
		{6657AFDF-C50A-4AB5-A1B1-BA57B741C0DF}.Debug|Any CPU.Build.0 = Debug|Any CPU
		{6657AFDF-C50A-4AB5-A1B1-BA57B741C0DF}.Debug|x64.ActiveCfg = Debug|Any CPU
		{6657AFDF-C50A-4AB5-A1B1-BA57B741C0DF}.Debug|x64.Build.0 = Debug|Any CPU
		{6657AFDF-C50A-4AB5-A1B1-BA57B741C0DF}.Debug|x86.ActiveCfg = Debug|Any CPU
		{6657AFDF-C50A-4AB5-A1B1-BA57B741C0DF}.Debug|x86.Build.0 = Debug|Any CPU
		{6657AFDF-C50A-4AB5-A1B1-BA57B741C0DF}.Release|Any CPU.ActiveCfg = Release|Any CPU
		{6657AFDF-C50A-4AB5-A1B1-BA57B741C0DF}.Release|Any CPU.Build.0 = Release|Any CPU
		{6657AFDF-C50A-4AB5-A1B1-BA57B741C0DF}.Release|x64.ActiveCfg = Release|Any CPU
		{6657AFDF-C50A-4AB5-A1B1-BA57B741C0DF}.Release|x64.Build.0 = Release|Any CPU
		{6657AFDF-C50A-4AB5-A1B1-BA57B741C0DF}.Release|x86.ActiveCfg = Release|Any CPU
		{6657AFDF-C50A-4AB5-A1B1-BA57B741C0DF}.Release|x86.Build.0 = Release|Any CPU
		{E40040BE-1662-4B1F-8882-F2EE3D1F663B}.Debug|Any CPU.ActiveCfg = Debug|Any CPU
		{E40040BE-1662-4B1F-8882-F2EE3D1F663B}.Debug|Any CPU.Build.0 = Debug|Any CPU
		{E40040BE-1662-4B1F-8882-F2EE3D1F663B}.Debug|x64.ActiveCfg = Debug|Any CPU
		{E40040BE-1662-4B1F-8882-F2EE3D1F663B}.Debug|x64.Build.0 = Debug|Any CPU
		{E40040BE-1662-4B1F-8882-F2EE3D1F663B}.Debug|x86.ActiveCfg = Debug|Any CPU
		{E40040BE-1662-4B1F-8882-F2EE3D1F663B}.Debug|x86.Build.0 = Debug|Any CPU
		{E40040BE-1662-4B1F-8882-F2EE3D1F663B}.Release|Any CPU.ActiveCfg = Release|Any CPU
		{E40040BE-1662-4B1F-8882-F2EE3D1F663B}.Release|Any CPU.Build.0 = Release|Any CPU
		{E40040BE-1662-4B1F-8882-F2EE3D1F663B}.Release|x64.ActiveCfg = Release|Any CPU
		{E40040BE-1662-4B1F-8882-F2EE3D1F663B}.Release|x64.Build.0 = Release|Any CPU
		{E40040BE-1662-4B1F-8882-F2EE3D1F663B}.Release|x86.ActiveCfg = Release|Any CPU
		{E40040BE-1662-4B1F-8882-F2EE3D1F663B}.Release|x86.Build.0 = Release|Any CPU
	EndGlobalSection
	GlobalSection(SolutionProperties) = preSolution
		HideSolutionNode = FALSE
	EndGlobalSection
	GlobalSection(NestedProjects) = preSolution
		{436ECB32-00AA-445F-AB98-CCDD91624EFC} = {827E0CD3-B72D-47B6-A68D-7590B98EB39B}
		{6657AFDF-C50A-4AB5-A1B1-BA57B741C0DF} = {827E0CD3-B72D-47B6-A68D-7590B98EB39B}
		{E40040BE-1662-4B1F-8882-F2EE3D1F663B} = {0AB3BF05-4346-4AA6-1389-037BE0695223}
	EndGlobalSection
EndGlobal
